
Microsoft Visual Studio Solution File, Format Version 12.00
# Visual Studio Version 16
VisualStudioVersion = 16.0.31424.327
MinimumVisualStudioVersion = 10.0.40219.1
Project("{FAE04EC0-301F-11D3-BF4B-00C04F79EFBC}") = "SpecFlowFrameworkDemo", "SpecFlowFrameworkDemo\SpecFlowFrameworkDemo.csproj", "{824B0812-0D38-4424-BFAF-C8A83CF2F20A}"
EndProject
Global
	GlobalSection(SolutionConfigurationPlatforms) = preSolution
		Debug|Any CPU = Debug|Any CPU
		Release|Any CPU = Release|Any CPU
	EndGlobalSection
	GlobalSection(ProjectConfigurationPlatforms) = postSolution
		{824B0812-0D38-4424-BFAF-C8A83CF2F20A}.Debug|Any CPU.ActiveCfg = Debug|Any CPU
		{824B0812-0D38-4424-BFAF-C8A83CF2F20A}.Debug|Any CPU.Build.0 = Debug|Any CPU
		{824B0812-0D38-4424-BFAF-C8A83CF2F20A}.Release|Any CPU.ActiveCfg = Release|Any CPU
		{824B0812-0D38-4424-BFAF-C8A83CF2F20A}.Release|Any CPU.Build.0 = Release|Any CPU
	EndGlobalSection
	GlobalSection(SolutionProperties) = preSolution
		HideSolutionNode = FALSE
	EndGlobalSection
	GlobalSection(ExtensibilityGlobals) = postSolution
		SolutionGuid = {1B82CC8C-84B1-44B3-82EF-728FE2137233}
	EndGlobalSection
EndGlobal
